
Microsoft Visual Studio Solution File, Format Version 12.00
# Visual Studio 2013
VisualStudioVersion = 12.0.30501.0
MinimumVisualStudioVersion = 10.0.40219.1
Project("{8BC9CEB8-8B4A-11D0-8D11-00A0C91BC942}") = "ChatroomServer", "ChatroomServer\ChatroomServer.vcxproj", "{84FA802E-F3B6-463F-AF87-A5E91FB6ACB1}"
EndProject
Global
	GlobalSection(SolutionConfigurationPlatforms) = preSolution
		Debug|Win32 = Debug|Win32
		Release|Win32 = Release|Win32
	EndGlobalSection
	GlobalSection(ProjectConfigurationPlatforms) = postSolution
		{84FA802E-F3B6-463F-AF87-A5E91FB6ACB1}.Debug|Win32.ActiveCfg = Debug|Win32
		{84FA802E-F3B6-463F-AF87-A5E91FB6ACB1}.Debug|Win32.Build.0 = Debug|Win32
		{84FA802E-F3B6-463F-AF87-A5E91FB6ACB1}.Release|Win32.ActiveCfg = Release|Win32
		{84FA802E-F3B6-463F-AF87-A5E91FB6ACB1}.Release|Win32.Build.0 = Release|Win32
	EndGlobalSection
	GlobalSection(SolutionProperties) = preSolution
		HideSolutionNode = FALSE
	EndGlobalSection
EndGlobal
